// !$*UTF8*$!
{
	archiveVersion = 1;
	classes = {
	};
	objectVersion = 50;
	objects = {

/* Begin PBXBuildFile section */
		F3308D2D238C750400BF0BD9 /* SBNavigationController.swift in Sources */ = {isa = PBXBuildFile; fileRef = F3308D2C238C750400BF0BD9 /* SBNavigationController.swift */; };
		F3C7BE6D2388D490005CE325 /* AppDelegate.swift in Sources */ = {isa = PBXBuildFile; fileRef = F3C7BE6C2388D490005CE325 /* AppDelegate.swift */; };
		F3C7BE6F2388D490005CE325 /* SceneDelegate.swift in Sources */ = {isa = PBXBuildFile; fileRef = F3C7BE6E2388D490005CE325 /* SceneDelegate.swift */; };
		F3C7BE712388D490005CE325 /* ViewController.swift in Sources */ = {isa = PBXBuildFile; fileRef = F3C7BE702388D490005CE325 /* ViewController.swift */; };
		F3C7BE742388D490005CE325 /* Main.storyboard in Resources */ = {isa = PBXBuildFile; fileRef = F3C7BE722388D490005CE325 /* Main.storyboard */; };
		F3C7BE762388D491005CE325 /* Assets.xcassets in Resources */ = {isa = PBXBuildFile; fileRef = F3C7BE752388D491005CE325 /* Assets.xcassets */; };
		F3C7BE792388D491005CE325 /* LaunchScreen.storyboard in Resources */ = {isa = PBXBuildFile; fileRef = F3C7BE772388D491005CE325 /* LaunchScreen.storyboard */; };
		F3CD2166238B88BB00F64CCC /* TableViewController.swift in Sources */ = {isa = PBXBuildFile; fileRef = F3CD2165238B88BB00F64CCC /* TableViewController.swift */; };
		F3CD2168238BAA2C00F64CCC /* SBFilesViewController.swift in Sources */ = {isa = PBXBuildFile; fileRef = F3CD2167238BAA2C00F64CCC /* SBFilesViewController.swift */; };
		F3F7CB16238C91C900F8E259 /* Library.bundle in Resources */ = {isa = PBXBuildFile; fileRef = F3F7CB15238C91C900F8E259 /* Library.bundle */; };
/* End PBXBuildFile section */

/* Begin PBXFileReference section */
		F3308D2C238C750400BF0BD9 /* SBNavigationController.swift */ = {isa = PBXFileReference; lastKnownFileType = sourcecode.swift; path = SBNavigationController.swift; sourceTree = "<group>"; };
		F3C7BE692388D490005CE325 /* bd_appdelegate_stb.app */ = {isa = PBXFileReference; explicitFileType = wrapper.application; includeInIndex = 0; path = bd_appdelegate_stb.app; sourceTree = BUILT_PRODUCTS_DIR; };
		F3C7BE6C2388D490005CE325 /* AppDelegate.swift */ = {isa = PBXFileReference; lastKnownFileType = sourcecode.swift; path = AppDelegate.swift; sourceTree = "<group>"; };
		F3C7BE6E2388D490005CE325 /* SceneDelegate.swift */ = {isa = PBXFileReference; lastKnownFileType = sourcecode.swift; path = SceneDelegate.swift; sourceTree = "<group>"; };
		F3C7BE702388D490005CE325 /* ViewController.swift */ = {isa = PBXFileReference; lastKnownFileType = sourcecode.swift; path = ViewController.swift; sourceTree = "<group>"; };
		F3C7BE732388D490005CE325 /* Base */ = {isa = PBXFileReference; lastKnownFileType = file.storyboard; name = Base; path = Base.lproj/Main.storyboard; sourceTree = "<group>"; };
		F3C7BE752388D491005CE325 /* Assets.xcassets */ = {isa = PBXFileReference; lastKnownFileType = folder.assetcatalog; path = Assets.xcassets; sourceTree = "<group>"; };
		F3C7BE782388D491005CE325 /* Base */ = {isa = PBXFileReference; lastKnownFileType = file.storyboard; name = Base; path = Base.lproj/LaunchScreen.storyboard; sourceTree = "<group>"; };
		F3C7BE7A2388D491005CE325 /* Info.plist */ = {isa = PBXFileReference; lastKnownFileType = text.plist.xml; path = Info.plist; sourceTree = "<group>"; };
		F3CD2165238B88BB00F64CCC /* TableViewController.swift */ = {isa = PBXFileReference; lastKnownFileType = sourcecode.swift; path = TableViewController.swift; sourceTree = "<group>"; };
		F3CD2167238BAA2C00F64CCC /* SBFilesViewController.swift */ = {isa = PBXFileReference; lastKnownFileType = sourcecode.swift; path = SBFilesViewController.swift; sourceTree = "<group>"; };
		F3F7CB15238C91C900F8E259 /* Library.bundle */ = {isa = PBXFileReference; lastKnownFileType = "wrapper.plug-in"; path = Library.bundle; sourceTree = "<group>"; };
/* End PBXFileReference section */

/* Begin PBXFrameworksBuildPhase section */
		F3C7BE662388D490005CE325 /* Frameworks */ = {
			isa = PBXFrameworksBuildPhase;
			buildActionMask = 2147483647;
			files = (
			);
			runOnlyForDeploymentPostprocessing = 0;
		};
/* End PBXFrameworksBuildPhase section */

/* Begin PBXGroup section */
		F3C7BE602388D490005CE325 = {
			isa = PBXGroup;
			children = (
				F3C7BE6B2388D490005CE325 /* bd_appdelegate_stb */,
				F3C7BE6A2388D490005CE325 /* Products */,
			);
			sourceTree = "<group>";
		};
		F3C7BE6A2388D490005CE325 /* Products */ = {
			isa = PBXGroup;
			children = (
				F3C7BE692388D490005CE325 /* bd_appdelegate_stb.app */,
			);
			name = Products;
			sourceTree = "<group>";
		};
		F3C7BE6B2388D490005CE325 /* bd_appdelegate_stb */ = {
			isa = PBXGroup;
			children = (
				F3C7BE6C2388D490005CE325 /* AppDelegate.swift */,
				F3C7BE6E2388D490005CE325 /* SceneDelegate.swift */,
				F3308D2C238C750400BF0BD9 /* SBNavigationController.swift */,
				F3C7BE702388D490005CE325 /* ViewController.swift */,
				F3CD2165238B88BB00F64CCC /* TableViewController.swift */,
				F3CD2167238BAA2C00F64CCC /* SBFilesViewController.swift */,
				F3C7BE722388D490005CE325 /* Main.storyboard */,
				F3C7BE752388D491005CE325 /* Assets.xcassets */,
				F3F7CB15238C91C900F8E259 /* Library.bundle */,
				F3C7BE772388D491005CE325 /* LaunchScreen.storyboard */,
				F3C7BE7A2388D491005CE325 /* Info.plist */,
			);
			path = bd_appdelegate_stb;
			sourceTree = "<group>";
		};
/* End PBXGroup section */

/* Begin PBXNativeTarget section */
		F3C7BE682388D490005CE325 /* bd_appdelegate_stb */ = {
			isa = PBXNativeTarget;
			buildConfigurationList = F3C7BE7D2388D491005CE325 /* Build configuration list for PBXNativeTarget "bd_appdelegate_stb" */;
			buildPhases = (
				F3C7BE652388D490005CE325 /* Sources */,
				F3C7BE662388D490005CE325 /* Frameworks */,
				F3C7BE672388D490005CE325 /* Resources */,
			);
			buildRules = (
			);
			dependencies = (
			);
			name = bd_appdelegate_stb;
			productName = bd_appdelegate_stb;
			productReference = F3C7BE692388D490005CE325 /* bd_appdelegate_stb.app */;
			productType = "com.apple.product-type.application";
		};
/* End PBXNativeTarget section */

/* Begin PBXProject section */
		F3C7BE612388D490005CE325 /* Project object */ = {
			isa = PBXProject;
			attributes = {
				LastSwiftUpdateCheck = 1120;
				LastUpgradeCheck = 1120;
				ORGANIZATIONNAME = skite;
				TargetAttributes = {
					F3C7BE682388D490005CE325 = {
						CreatedOnToolsVersion = 11.2;
					};
				};
			};
			buildConfigurationList = F3C7BE642388D490005CE325 /* Build configuration list for PBXProject "bd_appdelegate_stb" */;
			compatibilityVersion = "Xcode 9.3";
			developmentRegion = en;
			hasScannedForEncodings = 0;
			knownRegions = (
				en,
				Base,
			);
			mainGroup = F3C7BE602388D490005CE325;
			productRefGroup = F3C7BE6A2388D490005CE325 /* Products */;
			projectDirPath = "";
			projectRoot = "";
			targets = (
				F3C7BE682388D490005CE325 /* bd_appdelegate_stb */,
			);
		};
/* End PBXProject section */

/* Begin PBXResourcesBuildPhase section */
		F3C7BE672388D490005CE325 /* Resources */ = {
			isa = PBXResourcesBuildPhase;
			buildActionMask = 2147483647;
			files = (
				F3C7BE792388D491005CE325 /* LaunchScreen.storyboard in Resources */,
				F3C7BE762388D491005CE325 /* Assets.xcassets in Resources */,
				F3C7BE742388D490005CE325 /* Main.storyboard in Resources */,
				F3F7CB16238C91C900F8E259 /* Library.bundle in Resources */,
			);
			runOnlyForDeploymentPostprocessing = 0;
		};
/* End PBXResourcesBuildPhase section */

/* Begin PBXSourcesBuildPhase section */
		F3C7BE652388D490005CE325 /* Sources */ = {
			isa = PBXSourcesBuildPhase;
			buildActionMask = 2147483647;
			files = (
				F3308D2D238C750400BF0BD9 /* SBNavigationController.swift in Sources */,
				F3C7BE712388D490005CE325 /* ViewController.swift in Sources */,
				F3C7BE6D2388D490005CE325 /* AppDelegate.swift in Sources */,
				F3C7BE6F2388D490005CE325 /* SceneDelegate.swift in Sources */,
				F3CD2166238B88BB00F64CCC /* TableViewController.swift in Sources */,
				F3CD2168238BAA2C00F64CCC /* SBFilesViewController.swift in Sources */,
			);
			runOnlyForDeploymentPostprocessing = 0;
		};
/* End PBXSourcesBuildPhase section */

/* Begin PBXVariantGroup section */
		F3C7BE722388D490005CE325 /* Main.storyboard */ = {
			isa = PBXVariantGroup;
			children = (
				F3C7BE732388D490005CE325 /* Base */,
			);
			name = Main.storyboard;
			sourceTree = "<group>";
		};
		F3C7BE772388D491005CE325 /* LaunchScreen.storyboard */ = {
			isa = PBXVariantGroup;
			children = (
				F3C7BE782388D491005CE325 /* Base */,
			);
			name = LaunchScreen.storyboard;
			sourceTree = "<group>";
		};
/* End PBXVariantGroup section */

/* Begin XCBuildConfiguration section */
		F3C7BE7B2388D491005CE325 /* Debug */ = {
			isa = XCBuildConfiguration;
			buildSettings = {
				ALWAYS_SEARCH_USER_PATHS = NO;
				CLANG_ANALYZER_NONNULL = YES;
				CLANG_ANALYZER_NUMBER_OBJECT_CONVERSION = YES_AGGRESSIVE;
				CLANG_CXX_LANGUAGE_STANDARD = "gnu++14";
				CLANG_CXX_LIBRARY = "libc++";
				CLANG_ENABLE_MODULES = YES;
				CLANG_ENABLE_OBJC_ARC = YES;
				CLANG_ENABLE_OBJC_WEAK = YES;
				CLANG_WARN_BLOCK_CAPTURE_AUTORELEASING = YES;
				CLANG_WARN_BOOL_CONVERSION = YES;
				CLANG_WARN_COMMA = YES;
				CLANG_WARN_CONSTANT_CONVERSION = YES;
				CLANG_WARN_DEPRECATED_OBJC_IMPLEMENTATIONS = YES;
				CLANG_WARN_DIRECT_OBJC_ISA_USAGE = YES_ERROR;
				CLANG_WARN_DOCUMENTATION_COMMENTS = YES;
				CLANG_WARN_EMPTY_BODY = YES;
				CLANG_WARN_ENUM_CONVERSION = YES;
				CLANG_WARN_INFINITE_RECURSION = YES;
				CLANG_WARN_INT_CONVERSION = YES;
				CLANG_WARN_NON_LITERAL_NULL_CONVERSION = YES;
				CLANG_WARN_OBJC_IMPLICIT_RETAIN_SELF = YES;
				CLANG_WARN_OBJC_LITERAL_CONVERSION = YES;
				CLANG_WARN_OBJC_ROOT_CLASS = YES_ERROR;
				CLANG_WARN_RANGE_LOOP_ANALYSIS = YES;
				CLANG_WARN_STRICT_PROTOTYPES = YES;
				CLANG_WARN_SUSPICIOUS_MOVE = YES;
				CLANG_WARN_UNGUARDED_AVAILABILITY = YES_AGGRESSIVE;
				CLANG_WARN_UNREACHABLE_CODE = YES;
				CLANG_WARN__DUPLICATE_METHOD_MATCH = YES;
				COPY_PHASE_STRIP = NO;
				DEBUG_INFORMATION_FORMAT = dwarf;
				ENABLE_STRICT_OBJC_MSGSEND = YES;
				ENABLE_TESTABILITY = YES;
				GCC_C_LANGUAGE_STANDARD = gnu11;
				GCC_DYNAMIC_NO_PIC = NO;
				GCC_NO_COMMON_BLOCKS = YES;
				GCC_OPTIMIZATION_LEVEL = 0;
				GCC_PREPROCESSOR_DEFINITIONS = (
					"DEBUG=1",
					"$(inherited)",
				);
				GCC_WARN_64_TO_32_BIT_CONVERSION = YES;
				GCC_WARN_ABOUT_RETURN_TYPE = YES_ERROR;
				GCC_WARN_UNDECLARED_SELECTOR = YES;
				GCC_WARN_UNINITIALIZED_AUTOS = YES_AGGRESSIVE;
				GCC_WARN_UNUSED_FUNCTION = YES;
				GCC_WARN_UNUSED_VARIABLE = YES;
				IPHONEOS_DEPLOYMENT_TARGET = 13.2;
				MTL_ENABLE_DEBUG_INFO = INCLUDE_SOURCE;
				MTL_FAST_MATH = YES;
				ONLY_ACTIVE_ARCH = YES;
				SDKROOT = iphoneos;
				SWIFT_ACTIVE_COMPILATION_CONDITIONS = DEBUG;
				SWIFT_OPTIMIZATION_LEVEL = "-Onone";
			};
			name = Debug;
		};
		F3C7BE7C2388D491005CE325 /* Release */ = {
			isa = XCBuildConfiguration;
			buildSettings = {
				ALWAYS_SEARCH_USER_PATHS = NO;
				CLANG_ANALYZER_NONNULL = YES;
				CLANG_ANALYZER_NUMBER_OBJECT_CONVERSION = YES_AGGRESSIVE;
				CLANG_CXX_LANGUAGE_STANDARD = "gnu++14";
				CLANG_CXX_LIBRARY = "libc++";
				CLANG_ENABLE_MODULES = YES;
				CLANG_ENABLE_OBJC_ARC = YES;
				CLANG_ENABLE_OBJC_WEAK = YES;
				CLANG_WARN_BLOCK_CAPTURE_AUTORELEASING = YES;
				CLANG_WARN_BOOL_CONVERSION = YES;
				CLANG_WARN_COMMA = YES;
				CLANG_WARN_CONSTANT_CONVERSION = YES;
				CLANG_WARN_DEPRECATED_OBJC_IMPLEMENTATIONS = YES;
				CLANG_WARN_DIRECT_OBJC_ISA_USAGE = YES_ERROR;
				CLANG_WARN_DOCUMENTATION_COMMENTS = YES;
				CLANG_WARN_EMPTY_BODY = YES;
				CLANG_WARN_ENUM_CONVERSION = YES;
				CLANG_WARN_INFINITE_RECURSION = YES;
				CLANG_WARN_INT_CONVERSION = YES;
				CLANG_WARN_NON_LITERAL_NULL_CONVERSION = YES;
				CLANG_WARN_OBJC_IMPLICIT_RETAIN_SELF = YES;
				CLANG_WARN_OBJC_LITERAL_CONVERSION = YES;
				CLANG_WARN_OBJC_ROOT_CLASS = YES_ERROR;
				CLANG_WARN_RANGE_LOOP_ANALYSIS = YES;
				CLANG_WARN_STRICT_PROTOTYPES = YES;
				CLANG_WARN_SUSPICIOUS_MOVE = YES;
				CLANG_WARN_UNGUARDED_AVAILABILITY = YES_AGGRESSIVE;
				CLANG_WARN_UNREACHABLE_CODE = YES;
				CLANG_WARN__DUPLICATE_METHOD_MATCH = YES;
				COPY_PHASE_STRIP = NO;
				DEBUG_INFORMATION_FORMAT = "dwarf-with-dsym";
				ENABLE_NS_ASSERTIONS = NO;
				ENABLE_STRICT_OBJC_MSGSEND = YES;
				GCC_C_LANGUAGE_STANDARD = gnu11;
				GCC_NO_COMMON_BLOCKS = YES;
				GCC_WARN_64_TO_32_BIT_CONVERSION = YES;
				GCC_WARN_ABOUT_RETURN_TYPE = YES_ERROR;
				GCC_WARN_UNDECLARED_SELECTOR = YES;
				GCC_WARN_UNINITIALIZED_AUTOS = YES_AGGRESSIVE;
				GCC_WARN_UNUSED_FUNCTION = YES;
				GCC_WARN_UNUSED_VARIABLE = YES;
				IPHONEOS_DEPLOYMENT_TARGET = 13.2;
				MTL_ENABLE_DEBUG_INFO = NO;
				MTL_FAST_MATH = YES;
				SDKROOT = iphoneos;
				SWIFT_COMPILATION_MODE = wholemodule;
				SWIFT_OPTIMIZATION_LEVEL = "-O";
				VALIDATE_PRODUCT = YES;
			};
			name = Release;
		};
		F3C7BE7E2388D491005CE325 /* Debug */ = {
			isa = XCBuildConfiguration;
			buildSettings = {
				ASSETCATALOG_COMPILER_APPICON_NAME = AppIcon;
				CODE_SIGN_STYLE = Automatic;
				DEVELOPMENT_TEAM = DFVB576FM8;
				INFOPLIST_FILE = bd_appdelegate_stb/Info.plist;
				LD_RUNPATH_SEARCH_PATHS = (
					"$(inherited)",
					"@executable_path/Frameworks",
				);
				PRODUCT_BUNDLE_IDENTIFIER = "skite.bd-appdelegate-stb";
				PRODUCT_NAME = "$(TARGET_NAME)";
				SWIFT_VERSION = 5.0;
				TARGETED_DEVICE_FAMILY = "1,2";
			};
			name = Debug;
		};
		F3C7BE7F2388D491005CE325 /* Release */ = {
			isa = XCBuildConfiguration;
			buildSettings = {
				ASSETCATALOG_COMPILER_APPICON_NAME = AppIcon;
				CODE_SIGN_STYLE = Automatic;
				DEVELOPMENT_TEAM = DFVB576FM8;
				INFOPLIST_FILE = bd_appdelegate_stb/Info.plist;
				LD_RUNPATH_SEARCH_PATHS = (
					"$(inherited)",
					"@executable_path/Frameworks",
				);
				PRODUCT_BUNDLE_IDENTIFIER = "skite.bd-appdelegate-stb";
				PRODUCT_NAME = "$(TARGET_NAME)";
				SWIFT_VERSION = 5.0;
				TARGETED_DEVICE_FAMILY = "1,2";
			};
			name = Release;
		};
/* End XCBuildConfiguration section */

/* Begin XCConfigurationList section */
		F3C7BE642388D490005CE325 /* Build configuration list for PBXProject "bd_appdelegate_stb" */ = {
			isa = XCConfigurationList;
			buildConfigurations = (
				F3C7BE7B2388D491005CE325 /* Debug */,
				F3C7BE7C2388D491005CE325 /* Release */,
			);
			defaultConfigurationIsVisible = 0;
			defaultConfigurationName = Release;
		};
		F3C7BE7D2388D491005CE325 /* Build configuration list for PBXNativeTarget "bd_appdelegate_stb" */ = {
			isa = XCConfigurationList;
			buildConfigurations = (
				F3C7BE7E2388D491005CE325 /* Debug */,
				F3C7BE7F2388D491005CE325 /* Release */,
			);
			defaultConfigurationIsVisible = 0;
			defaultConfigurationName = Release;
		};
/* End XCConfigurationList section */
	};
	rootObject = F3C7BE612388D490005CE325 /* Project object */;
}
